
Microsoft Visual Studio Solution File, Format Version 12.00
# Visual Studio Version 16
VisualStudioVersion = 16.0.31019.35
MinimumVisualStudioVersion = 10.0.40219.1
Project("{FAE04EC0-301F-11D3-BF4B-00C04F79EFBC}") = "RSVP3", "RSVP3.csproj", "{0E1AA5C5-7F44-4EAF-9028-2A2EE2A14A3A}"
EndProject
Global
	GlobalSection(SolutionConfigurationPlatforms) = preSolution
		Debug|Any CPU = Debug|Any CPU
		Release|Any CPU = Release|Any CPU
	EndGlobalSection
	GlobalSection(ProjectConfigurationPlatforms) = postSolution
		{0E1AA5C5-7F44-4EAF-9028-2A2EE2A14A3A}.Debug|Any CPU.ActiveCfg = Debug|Any CPU
		{0E1AA5C5-7F44-4EAF-9028-2A2EE2A14A3A}.Debug|Any CPU.Build.0 = Debug|Any CPU
		{0E1AA5C5-7F44-4EAF-9028-2A2EE2A14A3A}.Release|Any CPU.ActiveCfg = Release|Any CPU
		{0E1AA5C5-7F44-4EAF-9028-2A2EE2A14A3A}.Release|Any CPU.Build.0 = Release|Any CPU
	EndGlobalSection
	GlobalSection(SolutionProperties) = preSolution
		HideSolutionNode = FALSE
	EndGlobalSection
	GlobalSection(ExtensibilityGlobals) = postSolution
		SolutionGuid = {D24BD418-3A2C-48B8-BFD7-467FBBAB47B6}
	EndGlobalSection
EndGlobal
